
Microsoft Visual Studio Solution File, Format Version 12.00
# Visual Studio Version 16
VisualStudioVersion = 16.0.30907.101
MinimumVisualStudioVersion = 10.0.40219.1
Project("{9A19103F-16F7-4668-BE54-9A1E7A4F7556}") = "AutoSats", "AutoSats\AutoSats.csproj", "{3DCBCEA7-A9B8-4ED4-AAFB-1E5011C211A4}"
EndProject
Project("{2150E333-8FDC-42A3-9474-1A3956D46DE8}") = "Solution Items", "Solution Items", "{F30A1588-EDEC-4100-9F18-D408309EA538}"
	ProjectSection(SolutionItems) = preProject
		.dockerignore = .dockerignore
		.editorconfig = .editorconfig
		.gitignore = .gitignore
		Dockerfile = Dockerfile
		README.md = README.md
	EndProjectSection
EndProject
Project("{FAE04EC0-301F-11D3-BF4B-00C04F79EFBC}") = "AutoSats.Tests", "AutoSats.Tests\AutoSats.Tests.csproj", "{4F893CE4-F382-461E-B43B-EE384889AFDC}"
EndProject
Global
	GlobalSection(SolutionConfigurationPlatforms) = preSolution
		Debug|Any CPU = Debug|Any CPU
		Release|Any CPU = Release|Any CPU
	EndGlobalSection
	GlobalSection(ProjectConfigurationPlatforms) = postSolution
		{3DCBCEA7-A9B8-4ED4-AAFB-1E5011C211A4}.Debug|Any CPU.ActiveCfg = Debug|Any CPU
		{3DCBCEA7-A9B8-4ED4-AAFB-1E5011C211A4}.Debug|Any CPU.Build.0 = Debug|Any CPU
		{3DCBCEA7-A9B8-4ED4-AAFB-1E5011C211A4}.Release|Any CPU.ActiveCfg = Release|Any CPU
		{3DCBCEA7-A9B8-4ED4-AAFB-1E5011C211A4}.Release|Any CPU.Build.0 = Release|Any CPU
		{4F893CE4-F382-461E-B43B-EE384889AFDC}.Debug|Any CPU.ActiveCfg = Debug|Any CPU
		{4F893CE4-F382-461E-B43B-EE384889AFDC}.Debug|Any CPU.Build.0 = Debug|Any CPU
		{4F893CE4-F382-461E-B43B-EE384889AFDC}.Release|Any CPU.ActiveCfg = Release|Any CPU
		{4F893CE4-F382-461E-B43B-EE384889AFDC}.Release|Any CPU.Build.0 = Release|Any CPU
	EndGlobalSection
	GlobalSection(SolutionProperties) = preSolution
		HideSolutionNode = FALSE
	EndGlobalSection
	GlobalSection(ExtensibilityGlobals) = postSolution
		SolutionGuid = {8583C397-1B5D-449F-BF31-046B8C1F463C}
	EndGlobalSection
EndGlobal
